[[package]]
name = "avro-python3"
version = "1.10.0"
description = "Avro is a serialization and RPC framework."
category = "main"
optional = false
python-versions = ">=3.5"

[package.extras]
snappy = ["python-snappy"]
zstandard = ["zstandard"]

[[package]]
name = "certifi"
version = "2021.5.30"
description = "Python package for providing Mozilla's CA Bundle."
category = "main"
optional = false
python-versions = "*"

[[package]]
name = "chardet"
version = "4.0.0"
description = "Universal encoding detector for Python 2 and 3"
category = "main"
optional = false
python-versions = ">=2.7, !=3.0.*, !=3.1.*, !=3.2.*, !=3.3.*, !=3.4.*"

[[package]]
name = "colorama"
version = "0.4.4"
description = "Cross-platform colored terminal text."
category = "main"
optional = false
python-versions = ">=2.7, !=3.0.*, !=3.1.*, !=3.2.*, !=3.3.*, !=3.4.*"

[[package]]
name = "commonmark"
version = "0.9.1"
description = "Python parser for the CommonMark Markdown spec"
category = "main"
optional = false
python-versions = "*"

[package.extras]
test = ["flake8 (==3.7.8)", "hypothesis (==3.55.3)"]

[[package]]
name = "confluent-kafka"
version = "1.7.0"
description = "Confluent's Python client for Apache Kafka"
category = "main"
optional = false
python-versions = "*"

[package.dependencies]
avro-python3 = {version = "1.10.0", optional = true, markers = "python_version > \"3.0\" and extra == \"avro\""}
fastavro = {version = ">=1.0", optional = true, markers = "python_version > \"3.0\" and extra == \"avro\""}
requests = {version = "*", optional = true, markers = "extra == \"avro\""}

[package.extras]
avro = ["requests", "fastavro (>=0.23.0,<1.0)", "avro (==1.10.0)", "fastavro (>=1.0)", "avro-python3 (==1.10.0)"]
dev = ["pytest-timeout", "flake8", "requests", "pytest (==4.6.4)", "fastavro (>=0.23.0,<1.0)", "avro (==1.10.0)", "fastavro (>=1.0)", "avro-python3 (==1.10.0)", "pytest"]
doc = ["sphinx", "sphinx-rtd-theme", "requests", "fastavro (>=0.23.0,<1.0)", "avro (==1.10.0)", "fastavro (>=1.0)", "avro-python3 (==1.10.0)"]
json = ["jsonschema", "requests", "pyrsistent (==0.16.1)", "pyrsistent"]
protobuf = ["protobuf", "requests"]
schema-registry = ["requests"]

[[package]]
name = "fastavro"
version = "1.4.1"
description = "Fast read/write of AVRO files"
category = "main"
optional = false
python-versions = ">=3.6"

[package.extras]
codecs = ["python-snappy", "zstandard", "lz4"]
lz4 = ["lz4"]
snappy = ["python-snappy"]
zstandard = ["zstandard"]

[[package]]
name = "idna"
version = "2.10"
description = "Internationalized Domain Names in Applications (IDNA)"
category = "main"
optional = false
python-versions = ">=2.7, !=3.0.*, !=3.1.*, !=3.2.*, !=3.3.*"

[[package]]
name = "pygments"
version = "2.9.0"
description = "Pygments is a syntax highlighting package written in Python."
category = "main"
optional = false
python-versions = ">=3.5"

[[package]]
name = "requests"
version = "2.25.1"
description = "Python HTTP for Humans."
category = "main"
optional = false
python-versions = ">=2.7, !=3.0.*, !=3.1.*, !=3.2.*, !=3.3.*, !=3.4.*"

[package.dependencies]
certifi = ">=2017.4.17"
chardet = ">=3.0.2,<5"
idna = ">=2.5,<3"
urllib3 = ">=1.21.1,<1.27"

[package.extras]
security = ["pyOpenSSL (>=0.14)", "cryptography (>=1.3.4)"]
socks = ["PySocks (>=1.5.6,!=1.5.7)", "win-inet-pton"]

[[package]]
name = "rich"
version = "10.4.0"
description = "Render rich text, tables, progress bars, syntax highlighting, markdown and more to the terminal"
category = "main"
optional = false
python-versions = ">=3.6,<4.0"

[package.dependencies]
colorama = ">=0.4.0,<0.5.0"
commonmark = ">=0.9.0,<0.10.0"
pygments = ">=2.6.0,<3.0.0"

[package.extras]
jupyter = ["ipywidgets (>=7.5.1,<8.0.0)"]

[[package]]
name = "urllib3"
version = "1.26.6"
description = "HTTP library with thread-safe connection pooling, file post, and more."
category = "main"
optional = false
python-versions = ">=2.7, !=3.0.*, !=3.1.*, !=3.2.*, !=3.3.*, !=3.4.*, <4"

[package.extras]
brotli = ["brotlipy (>=0.6.0)"]
secure = ["pyOpenSSL (>=0.14)", "cryptography (>=1.3.4)", "idna (>=2.0.0)", "certifi", "ipaddress"]
socks = ["PySocks (>=1.5.6,!=1.5.7,<2.0)"]

[metadata]
lock-version = "1.1"
python-versions = "^3.9"
content-hash = "4bcd70379ffd8699c8a9b25ab9fd24e1b37be534bbf90631ea4aea1173b91791"

[metadata.files]
avro-python3 = [
    {file = "avro-python3-1.10.0.tar.gz", hash = "sha256:a455c215540b1fceb1823e2a918e94959b54cb363307c97869aa46b5b55bde05"},
]
certifi = [
    {file = "certifi-2021.5.30-py2.py3-none-any.whl", hash = "sha256:50b1e4f8446b06f41be7dd6338db18e0990601dce795c2b1686458aa7e8fa7d8"},
    {file = "certifi-2021.5.30.tar.gz", hash = "sha256:2bbf76fd432960138b3ef6dda3dde0544f27cbf8546c458e60baf371917ba9ee"},
]
chardet = [
    {file = "chardet-4.0.0-py2.py3-none-any.whl", hash = "sha256:f864054d66fd9118f2e67044ac8981a54775ec5b67aed0441892edb553d21da5"},
    {file = "chardet-4.0.0.tar.gz", hash = "sha256:0d6f53a15db4120f2b08c94f11e7d93d2c911ee118b6b30a04ec3ee8310179fa"},
]
colorama = [
    {file = "colorama-0.4.4-py2.py3-none-any.whl", hash = "sha256:9f47eda37229f68eee03b24b9748937c7dc3868f906e8ba69fbcbdd3bc5dc3e2"},
    {file = "colorama-0.4.4.tar.gz", hash = "sha256:5941b2b48a20143d2267e95b1c2a7603ce057ee39fd88e7329b0c292aa16869b"},
]
commonmark = [
    {file = "commonmark-0.9.1-py2.py3-none-any.whl", hash = "sha256:da2f38c92590f83de410ba1a3cbceafbc74fee9def35f9251ba9a971d6d66fd9"},
    {file = "commonmark-0.9.1.tar.gz", hash = "sha256:452f9dc859be7f06631ddcb328b6919c67984aca654e5fefb3914d54691aed60"},
]
confluent-kafka = [
    {file = "confluent-kafka-1.7.0.tar.gz", hash = "sha256:80e01b4791513c27eded8517af847530dfdf04c43d99ff132ed9c3085933b75b"},
    {file = "confluent_kafka-1.7.0-cp27-cp27m-macosx_10_9_x86_64.whl", hash = "sha256:1246f3c674357630b078bbc76824eabea87ac5a9ca270886abca9c7f052381da"},
    {file = "confluent_kafka-1.7.0-cp27-cp27m-manylinux2010_x86_64.whl", hash = "sha256:f98fa8982da1a960e6c1bfca49b235f8de45c8af83d6b741d78f96f346748488"},
    {file = "confluent_kafka-1.7.0-cp27-cp27mu-manylinux2010_x86_64.whl", hash = "sha256:aa5f2905783b1a4e560e4172e228e2174a077090cbdf91a5448dd8deac02b2a9"},
    {file = "confluent_kafka-1.7.0-cp36-cp36m-macosx_10_9_x86_64.whl", hash = "sha256:2b4d8d53148a26f0cafcb42e9483f76473120bc091fa0ede497caf8cc8db6f88"},
    {file = "confluent_kafka-1.7.0-cp36-cp36m-manylinux2010_x86_64.whl", hash = "sha256:bbba1f144992fbd920cb10c7c2450e82fc8936e04272d36be3a3567bfbf768d4"},
    {file = "confluent_kafka-1.7.0-cp36-cp36m-win32.whl", hash = "sha256:f2628f3ebffe05d346f0456c566d5519a59bd0aa88179a9b7408c1808415c102"},
    {file = "confluent_kafka-1.7.0-cp36-cp36m-win_amd64.whl", hash = "sha256:8bb0d7e28deac58b234f7481184a60f743838c4e06309fbcca9484b93697c33b"},
    {file = "confluent_kafka-1.7.0-cp37-cp37m-macosx_10_9_x86_64.whl", hash = "sha256:aad712996e1465e806f7e027ad248b2474d2140a3985d5f7789a5ff68e5dba8a"},
    {file = "confluent_kafka-1.7.0-cp37-cp37m-manylinux2010_x86_64.whl", hash = "sha256:415c23e7ccf948e50de616191febd4ec299b1d748ae0abdab3888f0ec0915ea9"},
    {file = "confluent_kafka-1.7.0-cp37-cp37m-win32.whl", hash = "sha256:bc2ad89e6cc4e05c5855dfbee2838a699861943ab3ea62ff2b914d72fcd1a6c6"},
    {file = "confluent_kafka-1.7.0-cp37-cp37m-win_amd64.whl", hash = "sha256:11173733e0540a98e493c91a05686ba4e777883c2cda756d47848fce84e06b30"},
    {file = "confluent_kafka-1.7.0-cp38-cp38-macosx_10_9_x86_64.whl", hash = "sha256:5d9c75822c0b1cb7787fc60a78b3f249bfd56b3a692dd079d9d7510ffefe2c99"},
    {file = "confluent_kafka-1.7.0-cp38-cp38-manylinux2010_x86_64.whl", hash = "sha256:ee3f33077e3534b33cec9825843cd705ede458c585cfab2a052813391fb73291"},
    {file = "confluent_kafka-1.7.0-cp38-cp38-win32.whl", hash = "sha256:5e044e5c5fce78c87aedd56dbd7bd5c046dbf7a0bc9a0eff32229766be8808a5"},
    {file = "confluent_kafka-1.7.0-cp38-cp38-win_amd64.whl", hash = "sha256:c0b3fc70c31f636562464e905c2b75a2705d3d53bb4687fd48b574dee2a7fa51"},
    {file = "confluent_kafka-1.7.0-cp39-cp39-macosx_10_9_x86_64.whl", hash = "sha256:1e8e7770eaf2f6df0a3620f0bfc5dc2293e6ca3ac1e14c4babe6fefc03f50e18"},
    {file = "confluent_kafka-1.7.0-cp39-cp39-manylinux2010_x86_64.whl", hash = "sha256:33c32de2357ddcd3f8a98a96591c69c7ada76215e051ed5dbb17b763921f376a"},
    {file = "confluent_kafka-1.7.0-cp39-cp39-win32.whl", hash = "sha256:955de681f2bc7241d580ebb43d7516f825950518bfaf2c8e6bc3c88d22be4f08"},
    {file = "confluent_kafka-1.7.0-cp39-cp39-win_amd64.whl", hash = "sha256:9f5ff838f2ca87e467aa992f9fcb8bbdd222097690fe6b15aa733025a1613532"},
]
fastavro = [
    {file = "fastavro-1.4.1-cp36-cp36m-macosx_10_14_x86_64.whl", hash = "sha256:3f99237de0f853f083a0f9929f54155b408a5c4b04fcfa8c59e589aa853f2111"},
    {file = "fastavro-1.4.1-cp36-cp36m-manylinux_2_17_aarch64.manylinux2014_aarch64.whl", hash = "sha256:18ed93c24ba96ed0e6cacf50170805188cc53a5e50c40fc94316387a98aa497b"},
    {file = "fastavro-1.4.1-cp36-cp36m-manylinux_2_17_x86_64.manylinux2014_x86_64.whl", hash = "sha256:c298d2b2389049dfc6a06326a0a2f9809c7045e8cadb82b9e7e948fd32270547"},
    {file = "fastavro-1.4.1-cp36-cp36m-win_amd64.whl", hash = "sha256:948e69da16f4bf20bea65805ea210d793eae55f5f24f8be2c4d18c2a773aaf7b"},
    {file = "fastavro-1.4.1-cp37-cp37m-macosx_10_14_x86_64.whl", hash = "sha256:a4b6c2b2d126bf6246bead79cba43e17f07a1b99a25ccceb315c6e75ab7c9d39"},
    {file = "fastavro-1.4.1-cp37-cp37m-manylinux_2_17_x86_64.manylinux2014_x86_64.whl", hash = "sha256:453676a26e99f2f3af7f57c4236ceeee4e453ab7b9bd5f09e9c89bad5e572c78"},
    {file = "fastavro-1.4.1-cp37-cp37m-win_amd64.whl", hash = "sha256:5bd8a134daff2ea5ef0d72a528ca42dfe6c01deac7103dedf77d1a55936a981e"},
    {file = "fastavro-1.4.1-cp38-cp38-macosx_10_14_x86_64.whl", hash = "sha256:a8c5df1aa6c29409bbfe571504e87bf23553c88083a83febb42a74ec0cabe2ba"},
    {file = "fastavro-1.4.1-cp38-cp38-manylinux_2_17_x86_64.manylinux2014_x86_64.whl", hash = "sha256:741cd757b7789e6ab821a1de02c1e18dfada417e1cfccae3f20dc2aadd6654fc"},
    {file = "fastavro-1.4.1-cp38-cp38-win_amd64.whl", hash = "sha256:6d7d4032ecb28bef3dd41e8c91c986df351e3323f526c901d1cbb53425617756"},
    {file = "fastavro-1.4.1-cp39-cp39-macosx_10_14_x86_64.whl", hash = "sha256:72c81690cef6ed9c87a146eaf9f608150bf78fd537a7e796780381b4a7baabb8"},
    {file = "fastavro-1.4.1-cp39-cp39-manylinux_2_17_x86_64.manylinux2014_x86_64.whl", hash = "sha256:cad3ecbac1fe1d319c617ff01104639795020cb72faf7e30ebe802c1d60ec915"},
    {file = "fastavro-1.4.1-cp39-cp39-win_amd64.whl", hash = "sha256:3e804c4fc9875314aa41901055941b199f87aeb1c880cc6fe3ad258fa08b24c6"},
    {file = "fastavro-1.4.1.tar.gz", hash = "sha256:237a741668316a2aadb14ba0532666a305dd14b4043aace89bcb0c6419c08162"},
]
idna = [
    {file = "idna-2.10-py2.py3-none-any.whl", hash = "sha256:b97d804b1e9b523befed77c48dacec60e6dcb0b5391d57af6a65a312a90648c0"},
    {file = "idna-2.10.tar.gz", hash = "sha256:b307872f855b18632ce0c21c5e45be78c0ea7ae4c15c828c20788b26921eb3f6"},
]
pygments = [
    {file = "Pygments-2.9.0-py3-none-any.whl", hash = "sha256:d66e804411278594d764fc69ec36ec13d9ae9147193a1740cd34d272ca383b8e"},
    {file = "Pygments-2.9.0.tar.gz", hash = "sha256:a18f47b506a429f6f4b9df81bb02beab9ca21d0a5fee38ed15aef65f0545519f"},
]
requests = [
    {file = "requests-2.25.1-py2.py3-none-any.whl", hash = "sha256:c210084e36a42ae6b9219e00e48287def368a26d03a048ddad7bfee44f75871e"},
    {file = "requests-2.25.1.tar.gz", hash = "sha256:27973dd4a904a4f13b263a19c866c13b92a39ed1c964655f025f3f8d3d75b804"},
]
rich = [
    {file = "rich-10.4.0-py3-none-any.whl", hash = "sha256:9fb2404c4e870d4de3837c11d0cd1f26c44725865535caba1379c2343a49f6a1"},
    {file = "rich-10.4.0.tar.gz", hash = "sha256:6e8a3e2c61e6cf6193bfcffbb89865a0973af7779d3ead913fdbbbc33f457c2c"},
]
urllib3 = [
    {file = "urllib3-1.26.6-py2.py3-none-any.whl", hash = "sha256:39fb8672126159acb139a7718dd10806104dec1e2f0f6c88aab05d17df10c8d4"},
    {file = "urllib3-1.26.6.tar.gz", hash = "sha256:f57b4c16c62fa2760b7e3d97c35b255512fb6b59a259730f36ba32ce9f8e342f"},
]
